
Microsoft Visual Studio Solution File, Format Version 12.00
# Visual Studio Version 16
VisualStudioVersion = 16.0.31129.286
MinimumVisualStudioVersion = 10.0.40219.1
Project("{FAE04EC0-301F-11D3-BF4B-00C04F79EFBC}") = "Palindrom", "Palindrom\Palindrom.csproj", "{EF0A723C-F42A-4853-903F-06B54E98DA2A}"
EndProject
Global
	GlobalSection(SolutionConfigurationPlatforms) = preSolution
		Debug|Any CPU = Debug|Any CPU
		Release|Any CPU = Release|Any CPU
	EndGlobalSection
	GlobalSection(ProjectConfigurationPlatforms) = postSolution
		{EF0A723C-F42A-4853-903F-06B54E98DA2A}.Debug|Any CPU.ActiveCfg = Debug|Any CPU
		{EF0A723C-F42A-4853-903F-06B54E98DA2A}.Debug|Any CPU.Build.0 = Debug|Any CPU
		{EF0A723C-F42A-4853-903F-06B54E98DA2A}.Release|Any CPU.ActiveCfg = Release|Any CPU
		{EF0A723C-F42A-4853-903F-06B54E98DA2A}.Release|Any CPU.Build.0 = Release|Any CPU
	EndGlobalSection
	GlobalSection(SolutionProperties) = preSolution
		HideSolutionNode = FALSE
	EndGlobalSection
	GlobalSection(ExtensibilityGlobals) = postSolution
		SolutionGuid = {84821D2B-1019-4725-8AD0-CD11D1C2C6B7}
	EndGlobalSection
EndGlobal
